
Microsoft Visual Studio Solution File, Format Version 12.00
# Visual Studio 15
VisualStudioVersion = 15.0.26403.7
MinimumVisualStudioVersion = 10.0.40219.1
Project("{2150E333-8FDC-42A3-9474-1A3956D46DE8}") = "SolutionItems", "SolutionItems", "{C869D584-C763-4C4E-9CE9-3D7A3D297AB3}"
	ProjectSection(SolutionItems) = preProject
		Common.targets = Common.targets
		WEAK.snk = WEAK.snk
	EndProjectSection
EndProject
Project("{9A19103F-16F7-4668-BE54-9A1E7A4F7556}") = "WEAK", "WEAK\WEAK.csproj", "{7791A33D-09A4-4F1D-AAB0-D2DD7D12C2FF}"
EndProject
Project("{FAE04EC0-301F-11D3-BF4B-00C04F79EFBC}") = "WEAK.Test", "WEAK.Test\WEAK.Test.csproj", "{DBCC3416-CDB7-4E24-9917-F9DD926828FB}"
EndProject
Global
	GlobalSection(SolutionConfigurationPlatforms) = preSolution
		Debug|Any CPU = Debug|Any CPU
		Release|Any CPU = Release|Any CPU
	EndGlobalSection
	GlobalSection(ProjectConfigurationPlatforms) = postSolution
		{7791A33D-09A4-4F1D-AAB0-D2DD7D12C2FF}.Debug|Any CPU.ActiveCfg = Debug|Any CPU
		{7791A33D-09A4-4F1D-AAB0-D2DD7D12C2FF}.Debug|Any CPU.Build.0 = Debug|Any CPU
		{7791A33D-09A4-4F1D-AAB0-D2DD7D12C2FF}.Release|Any CPU.ActiveCfg = Release|Any CPU
		{7791A33D-09A4-4F1D-AAB0-D2DD7D12C2FF}.Release|Any CPU.Build.0 = Release|Any CPU
		{DBCC3416-CDB7-4E24-9917-F9DD926828FB}.Debug|Any CPU.ActiveCfg = Debug|Any CPU
		{DBCC3416-CDB7-4E24-9917-F9DD926828FB}.Debug|Any CPU.Build.0 = Debug|Any CPU
		{DBCC3416-CDB7-4E24-9917-F9DD926828FB}.Release|Any CPU.ActiveCfg = Release|Any CPU
		{DBCC3416-CDB7-4E24-9917-F9DD926828FB}.Release|Any CPU.Build.0 = Release|Any CPU
	EndGlobalSection
	GlobalSection(SolutionProperties) = preSolution
		HideSolutionNode = FALSE
	EndGlobalSection
EndGlobal
